{
    "name": "ssl-cert-gen-test",
    "version": "0.0.1",
    "lockfileVersion": 1,
    "requires": true,
    "dependencies": {
        "node-forge": {
            "version": "0.7.2",
            "resolved": "https://registry.npmjs.org/node-forge/-/node-forge-0.7.2.tgz",
            "integrity": "sha512-XTBoBY8NoeGAqQywTM8BjBz/Ro37eTmVF657yf6JumfOhxW9eET43Hve5+6L4+lo3hTDx7kTbC1WfasTHinDpg=="
        }
    }
}
